// !$*UTF8*$!
{
	archiveVersion = 1;
	classes = {
	};
	objectVersion = 50;
	objects = {

/* Begin PBXBuildFile section */
		8E3E21FC2312D48000EA017F /* AppDelegate.swift in Sources */ = {isa = PBXBuildFile; fileRef = 8E3E21FB2312D48000EA017F /* AppDelegate.swift */; };
		8E3E21FE2312D48000EA017F /* MainViewController.swift in Sources */ = {isa = PBXBuildFile; fileRef = 8E3E21FD2312D48000EA017F /* MainViewController.swift */; };
		8E3E22032312D48200EA017F /* Assets.xcassets in Resources */ = {isa = PBXBuildFile; fileRef = 8E3E22022312D48200EA017F /* Assets.xcassets */; };
		8E3E22062312D48200EA017F /* LaunchScreen.storyboard in Resources */ = {isa = PBXBuildFile; fileRef = 8E3E22042312D48200EA017F /* LaunchScreen.storyboard */; };
		8E3E220E2312D50500EA017F /* MainScene.swift in Sources */ = {isa = PBXBuildFile; fileRef = 8E3E220D2312D50500EA017F /* MainScene.swift */; };
		8E3E22122312D83C00EA017F /* BackgroundPattern.png in Resources */ = {isa = PBXBuildFile; fileRef = 8E3E22112312D83C00EA017F /* BackgroundPattern.png */; };
		8E3E22182312D84300EA017F /* AboutMe.png in Resources */ = {isa = PBXBuildFile; fileRef = 8E3E22142312D84300EA017F /* AboutMe.png */; };
		8E3E221C2312D90600EA017F /* Projects.png in Resources */ = {isa = PBXBuildFile; fileRef = 8E3E221B2312D90600EA017F /* Projects.png */; };
		8E3E22202312E29D00EA017F /* WelcomeViewController.swift in Sources */ = {isa = PBXBuildFile; fileRef = 8E3E221F2312E29D00EA017F /* WelcomeViewController.swift */; };
		8E3E22242313B9F100EA017F /* UIView+Ext.swift in Sources */ = {isa = PBXBuildFile; fileRef = 8E3E22232313B9F100EA017F /* UIView+Ext.swift */; };
/* End PBXBuildFile section */

/* Begin PBXFileReference section */
		8E3E21F82312D48000EA017F /* Portfolio.app */ = {isa = PBXFileReference; explicitFileType = wrapper.application; includeInIndex = 0; path = Portfolio.app; sourceTree = BUILT_PRODUCTS_DIR; };
		8E3E21FB2312D48000EA017F /* AppDelegate.swift */ = {isa = PBXFileReference; lastKnownFileType = sourcecode.swift; path = AppDelegate.swift; sourceTree = "<group>"; };
		8E3E21FD2312D48000EA017F /* MainViewController.swift */ = {isa = PBXFileReference; lastKnownFileType = sourcecode.swift; path = MainViewController.swift; sourceTree = "<group>"; };
		8E3E22022312D48200EA017F /* Assets.xcassets */ = {isa = PBXFileReference; lastKnownFileType = folder.assetcatalog; path = Assets.xcassets; sourceTree = "<group>"; };
		8E3E22052312D48200EA017F /* Base */ = {isa = PBXFileReference; lastKnownFileType = file.storyboard; name = Base; path = Base.lproj/LaunchScreen.storyboard; sourceTree = "<group>"; };
		8E3E22072312D48200EA017F /* Info.plist */ = {isa = PBXFileReference; lastKnownFileType = text.plist.xml; path = Info.plist; sourceTree = "<group>"; };
		8E3E220D2312D50500EA017F /* MainScene.swift */ = {isa = PBXFileReference; lastKnownFileType = sourcecode.swift; path = MainScene.swift; sourceTree = "<group>"; };
		8E3E22112312D83C00EA017F /* BackgroundPattern.png */ = {isa = PBXFileReference; lastKnownFileType = image.png; path = BackgroundPattern.png; sourceTree = "<group>"; };
		8E3E22142312D84300EA017F /* AboutMe.png */ = {isa = PBXFileReference; lastKnownFileType = image.png; path = AboutMe.png; sourceTree = "<group>"; };
		8E3E221B2312D90600EA017F /* Projects.png */ = {isa = PBXFileReference; lastKnownFileType = image.png; path = Projects.png; sourceTree = "<group>"; };
		8E3E221F2312E29D00EA017F /* WelcomeViewController.swift */ = {isa = PBXFileReference; lastKnownFileType = sourcecode.swift; path = WelcomeViewController.swift; sourceTree = "<group>"; };
		8E3E22232313B9F100EA017F /* UIView+Ext.swift */ = {isa = PBXFileReference; lastKnownFileType = sourcecode.swift; path = "UIView+Ext.swift"; sourceTree = "<group>"; };
/* End PBXFileReference section */

/* Begin PBXFrameworksBuildPhase section */
		8E3E21F52312D48000EA017F /* Frameworks */ = {
			isa = PBXFrameworksBuildPhase;
			buildActionMask = 2147483647;
			files = (
			);
			runOnlyForDeploymentPostprocessing = 0;
		};
/* End PBXFrameworksBuildPhase section */

/* Begin PBXGroup section */
		8E3E21EF2312D48000EA017F = {
			isa = PBXGroup;
			children = (
				8E3E21FA2312D48000EA017F /* Portfolio */,
				8E3E21F92312D48000EA017F /* Products */,
			);
			sourceTree = "<group>";
		};
		8E3E21F92312D48000EA017F /* Products */ = {
			isa = PBXGroup;
			children = (
				8E3E21F82312D48000EA017F /* Portfolio.app */,
			);
			name = Products;
			sourceTree = "<group>";
		};
		8E3E21FA2312D48000EA017F /* Portfolio */ = {
			isa = PBXGroup;
			children = (
				8E3E22212313B9A300EA017F /* Utilities */,
				8E3E221E2312E28800EA017F /* Main */,
				8E3E221D2312E27100EA017F /* Welcome */,
				8E3E220F2312D7CC00EA017F /* Supporting Files */,
				8E3E21FB2312D48000EA017F /* AppDelegate.swift */,
				8E3E22072312D48200EA017F /* Info.plist */,
			);
			path = Portfolio;
			sourceTree = "<group>";
		};
		8E3E220F2312D7CC00EA017F /* Supporting Files */ = {
			isa = PBXGroup;
			children = (
				8E3E22102312D7DF00EA017F /* Scene Images */,
				8E3E22022312D48200EA017F /* Assets.xcassets */,
				8E3E22042312D48200EA017F /* LaunchScreen.storyboard */,
			);
			path = "Supporting Files";
			sourceTree = "<group>";
		};
		8E3E22102312D7DF00EA017F /* Scene Images */ = {
			isa = PBXGroup;
			children = (
				8E3E221B2312D90600EA017F /* Projects.png */,
				8E3E22112312D83C00EA017F /* BackgroundPattern.png */,
				8E3E22142312D84300EA017F /* AboutMe.png */,
			);
			path = "Scene Images";
			sourceTree = "<group>";
		};
		8E3E221D2312E27100EA017F /* Welcome */ = {
			isa = PBXGroup;
			children = (
				8E3E221F2312E29D00EA017F /* WelcomeViewController.swift */,
			);
			path = Welcome;
			sourceTree = "<group>";
		};
		8E3E221E2312E28800EA017F /* Main */ = {
			isa = PBXGroup;
			children = (
				8E3E21FD2312D48000EA017F /* MainViewController.swift */,
				8E3E220D2312D50500EA017F /* MainScene.swift */,
			);
			path = Main;
			sourceTree = "<group>";
		};
		8E3E22212313B9A300EA017F /* Utilities */ = {
			isa = PBXGroup;
			children = (
				8E3E22222313B9CC00EA017F /* Extensions */,
			);
			path = Utilities;
			sourceTree = "<group>";
		};
		8E3E22222313B9CC00EA017F /* Extensions */ = {
			isa = PBXGroup;
			children = (
				8E3E22232313B9F100EA017F /* UIView+Ext.swift */,
			);
			path = Extensions;
			sourceTree = "<group>";
		};
/* End PBXGroup section */

/* Begin PBXNativeTarget section */
		8E3E21F72312D48000EA017F /* Portfolio */ = {
			isa = PBXNativeTarget;
			buildConfigurationList = 8E3E220A2312D48200EA017F /* Build configuration list for PBXNativeTarget "Portfolio" */;
			buildPhases = (
				8E3E21F42312D48000EA017F /* Sources */,
				8E3E21F52312D48000EA017F /* Frameworks */,
				8E3E21F62312D48000EA017F /* Resources */,
			);
			buildRules = (
			);
			dependencies = (
			);
			name = Portfolio;
			productName = Portfolio;
			productReference = 8E3E21F82312D48000EA017F /* Portfolio.app */;
			productType = "com.apple.product-type.application";
		};
/* End PBXNativeTarget section */

/* Begin PBXProject section */
		8E3E21F02312D48000EA017F /* Project object */ = {
			isa = PBXProject;
			attributes = {
				LastSwiftUpdateCheck = 1030;
				LastUpgradeCheck = 1030;
				ORGANIZATIONNAME = "Andreas Lüdemann";
				TargetAttributes = {
					8E3E21F72312D48000EA017F = {
						CreatedOnToolsVersion = 10.3;
					};
				};
			};
			buildConfigurationList = 8E3E21F32312D48000EA017F /* Build configuration list for PBXProject "Portfolio" */;
			compatibilityVersion = "Xcode 9.3";
			developmentRegion = en;
			hasScannedForEncodings = 0;
			knownRegions = (
				en,
				Base,
			);
			mainGroup = 8E3E21EF2312D48000EA017F;
			productRefGroup = 8E3E21F92312D48000EA017F /* Products */;
			projectDirPath = "";
			projectRoot = "";
			targets = (
				8E3E21F72312D48000EA017F /* Portfolio */,
			);
		};
/* End PBXProject section */

/* Begin PBXResourcesBuildPhase section */
		8E3E21F62312D48000EA017F /* Resources */ = {
			isa = PBXResourcesBuildPhase;
			buildActionMask = 2147483647;
			files = (
				8E3E22182312D84300EA017F /* AboutMe.png in Resources */,
				8E3E22122312D83C00EA017F /* BackgroundPattern.png in Resources */,
				8E3E22062312D48200EA017F /* LaunchScreen.storyboard in Resources */,
				8E3E22032312D48200EA017F /* Assets.xcassets in Resources */,
				8E3E221C2312D90600EA017F /* Projects.png in Resources */,
			);
			runOnlyForDeploymentPostprocessing = 0;
		};
/* End PBXResourcesBuildPhase section */

/* Begin PBXSourcesBuildPhase section */
		8E3E21F42312D48000EA017F /* Sources */ = {
			isa = PBXSourcesBuildPhase;
			buildActionMask = 2147483647;
			files = (
				8E3E220E2312D50500EA017F /* MainScene.swift in Sources */,
				8E3E22202312E29D00EA017F /* WelcomeViewController.swift in Sources */,
				8E3E22242313B9F100EA017F /* UIView+Ext.swift in Sources */,
				8E3E21FE2312D48000EA017F /* MainViewController.swift in Sources */,
				8E3E21FC2312D48000EA017F /* AppDelegate.swift in Sources */,
			);
			runOnlyForDeploymentPostprocessing = 0;
		};
/* End PBXSourcesBuildPhase section */

/* Begin PBXVariantGroup section */
		8E3E22042312D48200EA017F /* LaunchScreen.storyboard */ = {
			isa = PBXVariantGroup;
			children = (
				8E3E22052312D48200EA017F /* Base */,
			);
			name = LaunchScreen.storyboard;
			sourceTree = "<group>";
		};
/* End PBXVariantGroup section */

/* Begin XCBuildConfiguration section */
		8E3E22082312D48200EA017F /* Debug */ = {
			isa = XCBuildConfiguration;
			buildSettings = {
				ALWAYS_SEARCH_USER_PATHS = NO;
				CLANG_ANALYZER_NONNULL = YES;
				CLANG_ANALYZER_NUMBER_OBJECT_CONVERSION = YES_AGGRESSIVE;
				CLANG_CXX_LANGUAGE_STANDARD = "gnu++14";
				CLANG_CXX_LIBRARY = "libc++";
				CLANG_ENABLE_MODULES = YES;
				CLANG_ENABLE_OBJC_ARC = YES;
				CLANG_ENABLE_OBJC_WEAK = YES;
				CLANG_WARN_BLOCK_CAPTURE_AUTORELEASING = YES;
				CLANG_WARN_BOOL_CONVERSION = YES;
				CLANG_WARN_COMMA = YES;
				CLANG_WARN_CONSTANT_CONVERSION = YES;
				CLANG_WARN_DEPRECATED_OBJC_IMPLEMENTATIONS = YES;
				CLANG_WARN_DIRECT_OBJC_ISA_USAGE = YES_ERROR;
				CLANG_WARN_DOCUMENTATION_COMMENTS = YES;
				CLANG_WARN_EMPTY_BODY = YES;
				CLANG_WARN_ENUM_CONVERSION = YES;
				CLANG_WARN_INFINITE_RECURSION = YES;
				CLANG_WARN_INT_CONVERSION = YES;
				CLANG_WARN_NON_LITERAL_NULL_CONVERSION = YES;
				CLANG_WARN_OBJC_IMPLICIT_RETAIN_SELF = YES;
				CLANG_WARN_OBJC_LITERAL_CONVERSION = YES;
				CLANG_WARN_OBJC_ROOT_CLASS = YES_ERROR;
				CLANG_WARN_RANGE_LOOP_ANALYSIS = YES;
				CLANG_WARN_STRICT_PROTOTYPES = YES;
				CLANG_WARN_SUSPICIOUS_MOVE = YES;
				CLANG_WARN_UNGUARDED_AVAILABILITY = YES_AGGRESSIVE;
				CLANG_WARN_UNREACHABLE_CODE = YES;
				CLANG_WARN__DUPLICATE_METHOD_MATCH = YES;
				CODE_SIGN_IDENTITY = "iPhone Developer";
				COPY_PHASE_STRIP = NO;
				DEBUG_INFORMATION_FORMAT = dwarf;
				ENABLE_STRICT_OBJC_MSGSEND = YES;
				ENABLE_TESTABILITY = YES;
				GCC_C_LANGUAGE_STANDARD = gnu11;
				GCC_DYNAMIC_NO_PIC = NO;
				GCC_NO_COMMON_BLOCKS = YES;
				GCC_OPTIMIZATION_LEVEL = 0;
				GCC_PREPROCESSOR_DEFINITIONS = (
					"DEBUG=1",
					"$(inherited)",
				);
				GCC_WARN_64_TO_32_BIT_CONVERSION = YES;
				GCC_WARN_ABOUT_RETURN_TYPE = YES_ERROR;
				GCC_WARN_UNDECLARED_SELECTOR = YES;
				GCC_WARN_UNINITIALIZED_AUTOS = YES_AGGRESSIVE;
				GCC_WARN_UNUSED_FUNCTION = YES;
				GCC_WARN_UNUSED_VARIABLE = YES;
				IPHONEOS_DEPLOYMENT_TARGET = 12.4;
				MTL_ENABLE_DEBUG_INFO = INCLUDE_SOURCE;
				MTL_FAST_MATH = YES;
				ONLY_ACTIVE_ARCH = YES;
				SDKROOT = iphoneos;
				SWIFT_ACTIVE_COMPILATION_CONDITIONS = DEBUG;
				SWIFT_OPTIMIZATION_LEVEL = "-Onone";
			};
			name = Debug;
		};
		8E3E22092312D48200EA017F /* Release */ = {
			isa = XCBuildConfiguration;
			buildSettings = {
				ALWAYS_SEARCH_USER_PATHS = NO;
				CLANG_ANALYZER_NONNULL = YES;
				CLANG_ANALYZER_NUMBER_OBJECT_CONVERSION = YES_AGGRESSIVE;
				CLANG_CXX_LANGUAGE_STANDARD = "gnu++14";
				CLANG_CXX_LIBRARY = "libc++";
				CLANG_ENABLE_MODULES = YES;
				CLANG_ENABLE_OBJC_ARC = YES;
				CLANG_ENABLE_OBJC_WEAK = YES;
				CLANG_WARN_BLOCK_CAPTURE_AUTORELEASING = YES;
				CLANG_WARN_BOOL_CONVERSION = YES;
				CLANG_WARN_COMMA = YES;
				CLANG_WARN_CONSTANT_CONVERSION = YES;
				CLANG_WARN_DEPRECATED_OBJC_IMPLEMENTATIONS = YES;
				CLANG_WARN_DIRECT_OBJC_ISA_USAGE = YES_ERROR;
				CLANG_WARN_DOCUMENTATION_COMMENTS = YES;
				CLANG_WARN_EMPTY_BODY = YES;
				CLANG_WARN_ENUM_CONVERSION = YES;
				CLANG_WARN_INFINITE_RECURSION = YES;
				CLANG_WARN_INT_CONVERSION = YES;
				CLANG_WARN_NON_LITERAL_NULL_CONVERSION = YES;
				CLANG_WARN_OBJC_IMPLICIT_RETAIN_SELF = YES;
				CLANG_WARN_OBJC_LITERAL_CONVERSION = YES;
				CLANG_WARN_OBJC_ROOT_CLASS = YES_ERROR;
				CLANG_WARN_RANGE_LOOP_ANALYSIS = YES;
				CLANG_WARN_STRICT_PROTOTYPES = YES;
				CLANG_WARN_SUSPICIOUS_MOVE = YES;
				CLANG_WARN_UNGUARDED_AVAILABILITY = YES_AGGRESSIVE;
				CLANG_WARN_UNREACHABLE_CODE = YES;
				CLANG_WARN__DUPLICATE_METHOD_MATCH = YES;
				CODE_SIGN_IDENTITY = "iPhone Developer";
				COPY_PHASE_STRIP = NO;
				DEBUG_INFORMATION_FORMAT = "dwarf-with-dsym";
				ENABLE_NS_ASSERTIONS = NO;
				ENABLE_STRICT_OBJC_MSGSEND = YES;
				GCC_C_LANGUAGE_STANDARD = gnu11;
				GCC_NO_COMMON_BLOCKS = YES;
				GCC_WARN_64_TO_32_BIT_CONVERSION = YES;
				GCC_WARN_ABOUT_RETURN_TYPE = YES_ERROR;
				GCC_WARN_UNDECLARED_SELECTOR = YES;
				GCC_WARN_UNINITIALIZED_AUTOS = YES_AGGRESSIVE;
				GCC_WARN_UNUSED_FUNCTION = YES;
				GCC_WARN_UNUSED_VARIABLE = YES;
				IPHONEOS_DEPLOYMENT_TARGET = 12.4;
				MTL_ENABLE_DEBUG_INFO = NO;
				MTL_FAST_MATH = YES;
				SDKROOT = iphoneos;
				SWIFT_COMPILATION_MODE = wholemodule;
				SWIFT_OPTIMIZATION_LEVEL = "-O";
				VALIDATE_PRODUCT = YES;
			};
			name = Release;
		};
		8E3E220B2312D48200EA017F /* Debug */ = {
			isa = XCBuildConfiguration;
			buildSettings = {
				ASSETCATALOG_COMPILER_APPICON_NAME = AppIcon;
				CODE_SIGN_STYLE = Automatic;
				DEVELOPMENT_TEAM = XX77A4QKHR;
				INFOPLIST_FILE = Portfolio/Info.plist;
				LD_RUNPATH_SEARCH_PATHS = (
					"$(inherited)",
					"@executable_path/Frameworks",
				);
				PRODUCT_BUNDLE_IDENTIFIER = com.andreaslydemann.Portfolio;
				PRODUCT_NAME = "$(TARGET_NAME)";
				SWIFT_VERSION = 5.0;
				TARGETED_DEVICE_FAMILY = "1,2";
			};
			name = Debug;
		};
		8E3E220C2312D48200EA017F /* Release */ = {
			isa = XCBuildConfiguration;
			buildSettings = {
				ASSETCATALOG_COMPILER_APPICON_NAME = AppIcon;
				CODE_SIGN_STYLE = Automatic;
				DEVELOPMENT_TEAM = XX77A4QKHR;
				INFOPLIST_FILE = Portfolio/Info.plist;
				LD_RUNPATH_SEARCH_PATHS = (
					"$(inherited)",
					"@executable_path/Frameworks",
				);
				PRODUCT_BUNDLE_IDENTIFIER = com.andreaslydemann.Portfolio;
				PRODUCT_NAME = "$(TARGET_NAME)";
				SWIFT_VERSION = 5.0;
				TARGETED_DEVICE_FAMILY = "1,2";
			};
			name = Release;
		};
/* End XCBuildConfiguration section */

/* Begin XCConfigurationList section */
		8E3E21F32312D48000EA017F /* Build configuration list for PBXProject "Portfolio" */ = {
			isa = XCConfigurationList;
			buildConfigurations = (
				8E3E22082312D48200EA017F /* Debug */,
				8E3E22092312D48200EA017F /* Release */,
			);
			defaultConfigurationIsVisible = 0;
			defaultConfigurationName = Release;
		};
		8E3E220A2312D48200EA017F /* Build configuration list for PBXNativeTarget "Portfolio" */ = {
			isa = XCConfigurationList;
			buildConfigurations = (
				8E3E220B2312D48200EA017F /* Debug */,
				8E3E220C2312D48200EA017F /* Release */,
			);
			defaultConfigurationIsVisible = 0;
			defaultConfigurationName = Release;
		};
/* End XCConfigurationList section */
	};
	rootObject = 8E3E21F02312D48000EA017F /* Project object */;
}
